
Microsoft Visual Studio Solution File, Format Version 12.00
# Visual Studio Version 16
VisualStudioVersion = 16.0.32929.386
MinimumVisualStudioVersion = 10.0.40219.1
Project("{FAE04EC0-301F-11D3-BF4B-00C04F79EFBC}") = "LTDT_Project_NhomAnhSang", "LTDT_Project_NhomAnhSang\LTDT_Project_NhomAnhSang.csproj", "{792445F7-EDA3-4D84-B7A3-B16E0A9D84A6}"
EndProject
Global
	GlobalSection(SolutionConfigurationPlatforms) = preSolution
		Debug|Any CPU = Debug|Any CPU
		Release|Any CPU = Release|Any CPU
	EndGlobalSection
	GlobalSection(ProjectConfigurationPlatforms) = postSolution
		{792445F7-EDA3-4D84-B7A3-B16E0A9D84A6}.Debug|Any CPU.ActiveCfg = Debug|Any CPU
		{792445F7-EDA3-4D84-B7A3-B16E0A9D84A6}.Debug|Any CPU.Build.0 = Debug|Any CPU
		{792445F7-EDA3-4D84-B7A3-B16E0A9D84A6}.Release|Any CPU.ActiveCfg = Release|Any CPU
		{792445F7-EDA3-4D84-B7A3-B16E0A9D84A6}.Release|Any CPU.Build.0 = Release|Any CPU
	EndGlobalSection
	GlobalSection(SolutionProperties) = preSolution
		HideSolutionNode = FALSE
	EndGlobalSection
	GlobalSection(ExtensibilityGlobals) = postSolution
		SolutionGuid = {57595FBB-F6C8-48A0-812C-C365AD2048FE}
	EndGlobalSection
EndGlobal
